// !$*UTF8*$!
{
	archiveVersion = 1;
	classes = {
	};
	objectVersion = 46;
	objects = {

/* Begin PBXBuildFile section */
		F8B5A9011DA6ECB4006FE898 /* AppDelegate.swift in Sources */ = {isa = PBXBuildFile; fileRef = F8B5A9001DA6ECB4006FE898 /* AppDelegate.swift */; };
		F8B5A9031DA6ECB4006FE898 /* ViewController.swift in Sources */ = {isa = PBXBuildFile; fileRef = F8B5A9021DA6ECB4006FE898 /* ViewController.swift */; };
		F8B5A9061DA6ECB4006FE898 /* Main.storyboard in Resources */ = {isa = PBXBuildFile; fileRef = F8B5A9041DA6ECB4006FE898 /* Main.storyboard */; };
		F8B5A9081DA6ECB4006FE898 /* Assets.xcassets in Resources */ = {isa = PBXBuildFile; fileRef = F8B5A9071DA6ECB4006FE898 /* Assets.xcassets */; };
		F8B5A90B1DA6ECB4006FE898 /* LaunchScreen.storyboard in Resources */ = {isa = PBXBuildFile; fileRef = F8B5A9091DA6ECB4006FE898 /* LaunchScreen.storyboard */; };
/* End PBXBuildFile section */

/* Begin PBXFileReference section */
		F8B5A8FD1DA6ECB4006FE898 /* Jobs.app */ = {isa = PBXFileReference; explicitFileType = wrapper.application; includeInIndex = 0; path = Jobs.app; sourceTree = BUILT_PRODUCTS_DIR; };
		F8B5A9001DA6ECB4006FE898 /* AppDelegate.swift */ = {isa = PBXFileReference; lastKnownFileType = sourcecode.swift; path = AppDelegate.swift; sourceTree = "<group>"; };
		F8B5A9021DA6ECB4006FE898 /* ViewController.swift */ = {isa = PBXFileReference; lastKnownFileType = sourcecode.swift; path = ViewController.swift; sourceTree = "<group>"; };
		F8B5A9051DA6ECB4006FE898 /* Base */ = {isa = PBXFileReference; lastKnownFileType = file.storyboard; name = Base; path = Base.lproj/Main.storyboard; sourceTree = "<group>"; };
		F8B5A9071DA6ECB4006FE898 /* Assets.xcassets */ = {isa = PBXFileReference; lastKnownFileType = folder.assetcatalog; path = Assets.xcassets; sourceTree = "<group>"; };
		F8B5A90A1DA6ECB4006FE898 /* Base */ = {isa = PBXFileReference; lastKnownFileType = file.storyboard; name = Base; path = Base.lproj/LaunchScreen.storyboard; sourceTree = "<group>"; };
		F8B5A90C1DA6ECB4006FE898 /* Info.plist */ = {isa = PBXFileReference; lastKnownFileType = text.plist.xml; path = Info.plist; sourceTree = "<group>"; };
/* End PBXFileReference section */

/* Begin PBXFrameworksBuildPhase section */
		F8B5A8FA1DA6ECB3006FE898 /* Frameworks */ = {
			isa = PBXFrameworksBuildPhase;
			buildActionMask = 2147483647;
			files = (
			);
			runOnlyForDeploymentPostprocessing = 0;
		};
/* End PBXFrameworksBuildPhase section */

/* Begin PBXGroup section */
		F8B5A8F41DA6ECB3006FE898 = {
			isa = PBXGroup;
			children = (
				F8B5A8FF1DA6ECB4006FE898 /* Jobs */,
				F8B5A8FE1DA6ECB4006FE898 /* Products */,
			);
			sourceTree = "<group>";
		};
		F8B5A8FE1DA6ECB4006FE898 /* Products */ = {
			isa = PBXGroup;
			children = (
				F8B5A8FD1DA6ECB4006FE898 /* Jobs.app */,
			);
			name = Products;
			sourceTree = "<group>";
		};
		F8B5A8FF1DA6ECB4006FE898 /* Jobs */ = {
			isa = PBXGroup;
			children = (
				F8B5A9001DA6ECB4006FE898 /* AppDelegate.swift */,
				F8B5A9021DA6ECB4006FE898 /* ViewController.swift */,
				F8B5A9041DA6ECB4006FE898 /* Main.storyboard */,
				F8B5A9071DA6ECB4006FE898 /* Assets.xcassets */,
				F8B5A9091DA6ECB4006FE898 /* LaunchScreen.storyboard */,
				F8B5A90C1DA6ECB4006FE898 /* Info.plist */,
			);
			path = Jobs;
			sourceTree = "<group>";
		};
/* End PBXGroup section */

/* Begin PBXNativeTarget section */
		F8B5A8FC1DA6ECB3006FE898 /* Jobs */ = {
			isa = PBXNativeTarget;
			buildConfigurationList = F8B5A90F1DA6ECB4006FE898 /* Build configuration list for PBXNativeTarget "Jobs" */;
			buildPhases = (
				F8B5A8F91DA6ECB3006FE898 /* Sources */,
				F8B5A8FA1DA6ECB3006FE898 /* Frameworks */,
				F8B5A8FB1DA6ECB3006FE898 /* Resources */,
			);
			buildRules = (
			);
			dependencies = (
			);
			name = Jobs;
			productName = Jobs;
			productReference = F8B5A8FD1DA6ECB4006FE898 /* Jobs.app */;
			productType = "com.apple.product-type.application";
		};
/* End PBXNativeTarget section */

/* Begin PBXProject section */
		F8B5A8F51DA6ECB3006FE898 /* Project object */ = {
			isa = PBXProject;
			attributes = {
				LastSwiftUpdateCheck = 0730;
				LastUpgradeCheck = 0730;
				ORGANIZATIONNAME = "Saurabh Sikka";
				TargetAttributes = {
					F8B5A8FC1DA6ECB3006FE898 = {
						CreatedOnToolsVersion = 7.3.1;
					};
				};
			};
			buildConfigurationList = F8B5A8F81DA6ECB3006FE898 /* Build configuration list for PBXProject "Jobs" */;
			compatibilityVersion = "Xcode 3.2";
			developmentRegion = English;
			hasScannedForEncodings = 0;
			knownRegions = (
				en,
				Base,
			);
			mainGroup = F8B5A8F41DA6ECB3006FE898;
			productRefGroup = F8B5A8FE1DA6ECB4006FE898 /* Products */;
			projectDirPath = "";
			projectRoot = "";
			targets = (
				F8B5A8FC1DA6ECB3006FE898 /* Jobs */,
			);
		};
/* End PBXProject section */

/* Begin PBXResourcesBuildPhase section */
		F8B5A8FB1DA6ECB3006FE898 /* Resources */ = {
			isa = PBXResourcesBuildPhase;
			buildActionMask = 2147483647;
			files = (
				F8B5A90B1DA6ECB4006FE898 /* LaunchScreen.storyboard in Resources */,
				F8B5A9081DA6ECB4006FE898 /* Assets.xcassets in Resources */,
				F8B5A9061DA6ECB4006FE898 /* Main.storyboard in Resources */,
			);
			runOnlyForDeploymentPostprocessing = 0;
		};
/* End PBXResourcesBuildPhase section */

/* Begin PBXSourcesBuildPhase section */
		F8B5A8F91DA6ECB3006FE898 /* Sources */ = {
			isa = PBXSourcesBuildPhase;
			buildActionMask = 2147483647;
			files = (
				F8B5A9031DA6ECB4006FE898 /* ViewController.swift in Sources */,
				F8B5A9011DA6ECB4006FE898 /* AppDelegate.swift in Sources */,
			);
			runOnlyForDeploymentPostprocessing = 0;
		};
/* End PBXSourcesBuildPhase section */

/* Begin PBXVariantGroup section */
		F8B5A9041DA6ECB4006FE898 /* Main.storyboard */ = {
			isa = PBXVariantGroup;
			children = (
				F8B5A9051DA6ECB4006FE898 /* Base */,
			);
			name = Main.storyboard;
			sourceTree = "<group>";
		};
		F8B5A9091DA6ECB4006FE898 /* LaunchScreen.storyboard */ = {
			isa = PBXVariantGroup;
			children = (
				F8B5A90A1DA6ECB4006FE898 /* Base */,
			);
			name = LaunchScreen.storyboard;
			sourceTree = "<group>";
		};
/* End PBXVariantGroup section */

/* Begin XCBuildConfiguration section */
		F8B5A90D1DA6ECB4006FE898 /* Debug */ = {
			isa = XCBuildConfiguration;
			buildSettings = {
				ALWAYS_SEARCH_USER_PATHS = NO;
				CLANG_ANALYZER_NONNULL = YES;
				CLANG_CXX_LANGUAGE_STANDARD = "gnu++0x";
				CLANG_CXX_LIBRARY = "libc++";
				CLANG_ENABLE_MODULES = YES;
				CLANG_ENABLE_OBJC_ARC = YES;
				CLANG_WARN_BOOL_CONVERSION = YES;
				CLANG_WARN_CONSTANT_CONVERSION = YES;
				CLANG_WARN_DIRECT_OBJC_ISA_USAGE = YES_ERROR;
				CLANG_WARN_EMPTY_BODY = YES;
				CLANG_WARN_ENUM_CONVERSION = YES;
				CLANG_WARN_INT_CONVERSION = YES;
				CLANG_WARN_OBJC_ROOT_CLASS = YES_ERROR;
				CLANG_WARN_UNREACHABLE_CODE = YES;
				CLANG_WARN__DUPLICATE_METHOD_MATCH = YES;
				"CODE_SIGN_IDENTITY[sdk=iphoneos*]" = "iPhone Developer";
				COPY_PHASE_STRIP = NO;
				DEBUG_INFORMATION_FORMAT = dwarf;
				ENABLE_STRICT_OBJC_MSGSEND = YES;
				ENABLE_TESTABILITY = YES;
				GCC_C_LANGUAGE_STANDARD = gnu99;
				GCC_DYNAMIC_NO_PIC = NO;
				GCC_NO_COMMON_BLOCKS = YES;
				GCC_OPTIMIZATION_LEVEL = 0;
				GCC_PREPROCESSOR_DEFINITIONS = (
					"DEBUG=1",
					"$(inherited)",
				);
				GCC_WARN_64_TO_32_BIT_CONVERSION = YES;
				GCC_WARN_ABOUT_RETURN_TYPE = YES_ERROR;
				GCC_WARN_UNDECLARED_SELECTOR = YES;
				GCC_WARN_UNINITIALIZED_AUTOS = YES_AGGRESSIVE;
				GCC_WARN_UNUSED_FUNCTION = YES;
				GCC_WARN_UNUSED_VARIABLE = YES;
				IPHONEOS_DEPLOYMENT_TARGET = 9.3;
				MTL_ENABLE_DEBUG_INFO = YES;
				ONLY_ACTIVE_ARCH = YES;
				SDKROOT = iphoneos;
				SWIFT_OPTIMIZATION_LEVEL = "-Onone";
				TARGETED_DEVICE_FAMILY = "1,2";
			};
			name = Debug;
		};
		F8B5A90E1DA6ECB4006FE898 /* Release */ = {
			isa = XCBuildConfiguration;
			buildSettings = {
				ALWAYS_SEARCH_USER_PATHS = NO;
				CLANG_ANALYZER_NONNULL = YES;
				CLANG_CXX_LANGUAGE_STANDARD = "gnu++0x";
				CLANG_CXX_LIBRARY = "libc++";
				CLANG_ENABLE_MODULES = YES;
				CLANG_ENABLE_OBJC_ARC = YES;
				CLANG_WARN_BOOL_CONVERSION = YES;
				CLANG_WARN_CONSTANT_CONVERSION = YES;
				CLANG_WARN_DIRECT_OBJC_ISA_USAGE = YES_ERROR;
				CLANG_WARN_EMPTY_BODY = YES;
				CLANG_WARN_ENUM_CONVERSION = YES;
				CLANG_WARN_INT_CONVERSION = YES;
				CLANG_WARN_OBJC_ROOT_CLASS = YES_ERROR;
				CLANG_WARN_UNREACHABLE_CODE = YES;
				CLANG_WARN__DUPLICATE_METHOD_MATCH = YES;
				"CODE_SIGN_IDENTITY[sdk=iphoneos*]" = "iPhone Developer";
				COPY_PHASE_STRIP = NO;
				DEBUG_INFORMATION_FORMAT = "dwarf-with-dsym";
				ENABLE_NS_ASSERTIONS = NO;
				ENABLE_STRICT_OBJC_MSGSEND = YES;
				GCC_C_LANGUAGE_STANDARD = gnu99;
				GCC_NO_COMMON_BLOCKS = YES;
				GCC_WARN_64_TO_32_BIT_CONVERSION = YES;
				GCC_WARN_ABOUT_RETURN_TYPE = YES_ERROR;
				GCC_WARN_UNDECLARED_SELECTOR = YES;
				GCC_WARN_UNINITIALIZED_AUTOS = YES_AGGRESSIVE;
				GCC_WARN_UNUSED_FUNCTION = YES;
				GCC_WARN_UNUSED_VARIABLE = YES;
				IPHONEOS_DEPLOYMENT_TARGET = 9.3;
				MTL_ENABLE_DEBUG_INFO = NO;
				SDKROOT = iphoneos;
				TARGETED_DEVICE_FAMILY = "1,2";
				VALIDATE_PRODUCT = YES;
			};
			name = Release;
		};
		F8B5A9101DA6ECB4006FE898 /* Debug */ = {
			isa = XCBuildConfiguration;
			buildSettings = {
				ASSETCATALOG_COMPILER_APPICON_NAME = AppIcon;
				INFOPLIST_FILE = Jobs/Info.plist;
				LD_RUNPATH_SEARCH_PATHS = "$(inherited) @executable_path/Frameworks";
				PRODUCT_BUNDLE_IDENTIFIER = com.saurabhsikka.Jobs;
				PRODUCT_NAME = "$(TARGET_NAME)";
			};
			name = Debug;
		};
		F8B5A9111DA6ECB4006FE898 /* Release */ = {
			isa = XCBuildConfiguration;
			buildSettings = {
				ASSETCATALOG_COMPILER_APPICON_NAME = AppIcon;
				INFOPLIST_FILE = Jobs/Info.plist;
				LD_RUNPATH_SEARCH_PATHS = "$(inherited) @executable_path/Frameworks";
				PRODUCT_BUNDLE_IDENTIFIER = com.saurabhsikka.Jobs;
				PRODUCT_NAME = "$(TARGET_NAME)";
			};
			name = Release;
		};
/* End XCBuildConfiguration section */

/* Begin XCConfigurationList section */
		F8B5A8F81DA6ECB3006FE898 /* Build configuration list for PBXProject "Jobs" */ = {
			isa = XCConfigurationList;
			buildConfigurations = (
				F8B5A90D1DA6ECB4006FE898 /* Debug */,
				F8B5A90E1DA6ECB4006FE898 /* Release */,
			);
			defaultConfigurationIsVisible = 0;
			defaultConfigurationName = Release;
		};
		F8B5A90F1DA6ECB4006FE898 /* Build configuration list for PBXNativeTarget "Jobs" */ = {
			isa = XCConfigurationList;
			buildConfigurations = (
				F8B5A9101DA6ECB4006FE898 /* Debug */,
				F8B5A9111DA6ECB4006FE898 /* Release */,
			);
			defaultConfigurationIsVisible = 0;
		};
/* End XCConfigurationList section */
	};
	rootObject = F8B5A8F51DA6ECB3006FE898 /* Project object */;
}
